
Microsoft Visual Studio Solution File, Format Version 12.00
# Visual Studio 15
VisualStudioVersion = 15.0.26730.16
MinimumVisualStudioVersion = 10.0.40219.1
Project("{FAE04EC0-301F-11D3-BF4B-00C04F79EFBC}") = "BENSIS", "BENSIS\BENSIS.csproj", "{5AA2CBFB-8B6B-478F-AAF2-2BB474B2B28A}"
EndProject
Global
	GlobalSection(SolutionConfigurationPlatforms) = preSolution
		Debug|Any CPU = Debug|Any CPU
		Release|Any CPU = Release|Any CPU
	EndGlobalSection
	GlobalSection(ProjectConfigurationPlatforms) = postSolution
		{5AA2CBFB-8B6B-478F-AAF2-2BB474B2B28A}.Debug|Any CPU.ActiveCfg = Debug|Any CPU
		{5AA2CBFB-8B6B-478F-AAF2-2BB474B2B28A}.Debug|Any CPU.Build.0 = Debug|Any CPU
		{5AA2CBFB-8B6B-478F-AAF2-2BB474B2B28A}.Release|Any CPU.ActiveCfg = Release|Any CPU
		{5AA2CBFB-8B6B-478F-AAF2-2BB474B2B28A}.Release|Any CPU.Build.0 = Release|Any CPU
	EndGlobalSection
	GlobalSection(SolutionProperties) = preSolution
		HideSolutionNode = FALSE
	EndGlobalSection
	GlobalSection(ExtensibilityGlobals) = postSolution
		SolutionGuid = {3A9F6815-F804-4097-9071-158FA1020B97}
	EndGlobalSection
EndGlobal
